// !$*UTF8*$!
{
	archiveVersion = 1;
	classes = {
	};
	objectVersion = 56;
	objects = {

/* Begin PBXBuildFile section */
		F1901AE1293B9841000D47D0 /* soccerPickupApp.swift in Sources */ = {isa = PBXBuildFile; fileRef = F1901AE0293B9841000D47D0 /* soccerPickupApp.swift */; };
		F1901AE3293B9841000D47D0 /* ContentView.swift in Sources */ = {isa = PBXBuildFile; fileRef = F1901AE2293B9841000D47D0 /* ContentView.swift */; };
		F1901AE5293B9842000D47D0 /* Assets.xcassets in Resources */ = {isa = PBXBuildFile; fileRef = F1901AE4293B9842000D47D0 /* Assets.xcassets */; };
		F1901AE8293B9842000D47D0 /* Preview Assets.xcassets in Resources */ = {isa = PBXBuildFile; fileRef = F1901AE7293B9842000D47D0 /* Preview Assets.xcassets */; };
		F1901AEA293B9842000D47D0 /* Persistence.swift in Sources */ = {isa = PBXBuildFile; fileRef = F1901AE9293B9842000D47D0 /* Persistence.swift */; };
		F1901AED293B9842000D47D0 /* soccerPickup.xcdatamodeld in Sources */ = {isa = PBXBuildFile; fileRef = F1901AEB293B9842000D47D0 /* soccerPickup.xcdatamodeld */; };
		F1901AF4293D2841000D47D0 /* GoogleService-Info.plist in Resources */ = {isa = PBXBuildFile; fileRef = F1901AF3293D2841000D47D0 /* GoogleService-Info.plist */; };
		F1901AF7293D28BD000D47D0 /* FirebaseAnalytics in Frameworks */ = {isa = PBXBuildFile; productRef = F1901AF6293D28BD000D47D0 /* FirebaseAnalytics */; };
		F1901AF9293D28BD000D47D0 /* FirebaseAnalyticsOnDeviceConversion in Frameworks */ = {isa = PBXBuildFile; productRef = F1901AF8293D28BD000D47D0 /* FirebaseAnalyticsOnDeviceConversion */; };
		F1901AFB293D28BD000D47D0 /* FirebaseAnalyticsSwift in Frameworks */ = {isa = PBXBuildFile; productRef = F1901AFA293D28BD000D47D0 /* FirebaseAnalyticsSwift */; };
		F1901AFD293D28BD000D47D0 /* FirebaseAnalyticsWithoutAdIdSupport in Frameworks */ = {isa = PBXBuildFile; productRef = F1901AFC293D28BD000D47D0 /* FirebaseAnalyticsWithoutAdIdSupport */; };
		F1901AFF293D28BD000D47D0 /* FirebaseAppCheck in Frameworks */ = {isa = PBXBuildFile; productRef = F1901AFE293D28BD000D47D0 /* FirebaseAppCheck */; };
		F1901B01293D28BD000D47D0 /* FirebaseAppDistribution-Beta in Frameworks */ = {isa = PBXBuildFile; productRef = F1901B00293D28BD000D47D0 /* FirebaseAppDistribution-Beta */; };
		F1901B03293D28BD000D47D0 /* FirebaseAuth in Frameworks */ = {isa = PBXBuildFile; productRef = F1901B02293D28BD000D47D0 /* FirebaseAuth */; };
		F1901B05293D28BD000D47D0 /* FirebaseAuthCombine-Community in Frameworks */ = {isa = PBXBuildFile; productRef = F1901B04293D28BD000D47D0 /* FirebaseAuthCombine-Community */; };
		F1901B07293D28BD000D47D0 /* FirebaseCrashlytics in Frameworks */ = {isa = PBXBuildFile; productRef = F1901B06293D28BD000D47D0 /* FirebaseCrashlytics */; };
		F1901B09293D28BD000D47D0 /* FirebaseDatabase in Frameworks */ = {isa = PBXBuildFile; productRef = F1901B08293D28BD000D47D0 /* FirebaseDatabase */; };
		F1901B0B293D28BD000D47D0 /* FirebaseDatabaseSwift in Frameworks */ = {isa = PBXBuildFile; productRef = F1901B0A293D28BD000D47D0 /* FirebaseDatabaseSwift */; };
		F1901B0D293D28BD000D47D0 /* FirebaseDynamicLinks in Frameworks */ = {isa = PBXBuildFile; productRef = F1901B0C293D28BD000D47D0 /* FirebaseDynamicLinks */; };
		F1901B0F293D28BD000D47D0 /* FirebaseFirestore in Frameworks */ = {isa = PBXBuildFile; productRef = F1901B0E293D28BD000D47D0 /* FirebaseFirestore */; };
		F1901B11293D28BD000D47D0 /* FirebaseFirestoreCombine-Community in Frameworks */ = {isa = PBXBuildFile; productRef = F1901B10293D28BD000D47D0 /* FirebaseFirestoreCombine-Community */; };
		F1901B13293D28BD000D47D0 /* FirebaseFirestoreSwift in Frameworks */ = {isa = PBXBuildFile; productRef = F1901B12293D28BD000D47D0 /* FirebaseFirestoreSwift */; };
		F1901B15293D28BD000D47D0 /* FirebaseFunctions in Frameworks */ = {isa = PBXBuildFile; productRef = F1901B14293D28BD000D47D0 /* FirebaseFunctions */; };
		F1901B17293D28BD000D47D0 /* FirebaseFunctionsCombine-Community in Frameworks */ = {isa = PBXBuildFile; productRef = F1901B16293D28BD000D47D0 /* FirebaseFunctionsCombine-Community */; };
		F1901B19293D28BD000D47D0 /* FirebaseInAppMessaging-Beta in Frameworks */ = {isa = PBXBuildFile; productRef = F1901B18293D28BD000D47D0 /* FirebaseInAppMessaging-Beta */; };
		F1901B1B293D28BD000D47D0 /* FirebaseInAppMessagingSwift-Beta in Frameworks */ = {isa = PBXBuildFile; productRef = F1901B1A293D28BD000D47D0 /* FirebaseInAppMessagingSwift-Beta */; };
		F1901B1D293D28BD000D47D0 /* FirebaseInstallations in Frameworks */ = {isa = PBXBuildFile; productRef = F1901B1C293D28BD000D47D0 /* FirebaseInstallations */; };
		F1901B1F293D28BD000D47D0 /* FirebaseMLModelDownloader in Frameworks */ = {isa = PBXBuildFile; productRef = F1901B1E293D28BD000D47D0 /* FirebaseMLModelDownloader */; };
		F1901B21293D28BD000D47D0 /* FirebaseMessaging in Frameworks */ = {isa = PBXBuildFile; productRef = F1901B20293D28BD000D47D0 /* FirebaseMessaging */; };
		F1901B23293D28BD000D47D0 /* FirebasePerformance in Frameworks */ = {isa = PBXBuildFile; productRef = F1901B22293D28BD000D47D0 /* FirebasePerformance */; };
		F1901B25293D28BD000D47D0 /* FirebaseRemoteConfig in Frameworks */ = {isa = PBXBuildFile; productRef = F1901B24293D28BD000D47D0 /* FirebaseRemoteConfig */; };
		F1901B27293D28BD000D47D0 /* FirebaseRemoteConfigSwift in Frameworks */ = {isa = PBXBuildFile; productRef = F1901B26293D28BD000D47D0 /* FirebaseRemoteConfigSwift */; };
		F1901B29293D28BD000D47D0 /* FirebaseStorage in Frameworks */ = {isa = PBXBuildFile; productRef = F1901B28293D28BD000D47D0 /* FirebaseStorage */; };
		F1901B2B293D28BD000D47D0 /* FirebaseStorageCombine-Community in Frameworks */ = {isa = PBXBuildFile; productRef = F1901B2A293D28BD000D47D0 /* FirebaseStorageCombine-Community */; };
/* End PBXBuildFile section */

/* Begin PBXFileReference section */
		F1901ADD293B9841000D47D0 /* soccerPickup.app */ = {isa = PBXFileReference; explicitFileType = wrapper.application; includeInIndex = 0; path = soccerPickup.app; sourceTree = BUILT_PRODUCTS_DIR; };
		F1901AE0293B9841000D47D0 /* soccerPickupApp.swift */ = {isa = PBXFileReference; lastKnownFileType = sourcecode.swift; path = soccerPickupApp.swift; sourceTree = "<group>"; };
		F1901AE2293B9841000D47D0 /* ContentView.swift */ = {isa = PBXFileReference; lastKnownFileType = sourcecode.swift; path = ContentView.swift; sourceTree = "<group>"; };
		F1901AE4293B9842000D47D0 /* Assets.xcassets */ = {isa = PBXFileReference; lastKnownFileType = folder.assetcatalog; path = Assets.xcassets; sourceTree = "<group>"; };
		F1901AE7293B9842000D47D0 /* Preview Assets.xcassets */ = {isa = PBXFileReference; lastKnownFileType = folder.assetcatalog; path = "Preview Assets.xcassets"; sourceTree = "<group>"; };
		F1901AE9293B9842000D47D0 /* Persistence.swift */ = {isa = PBXFileReference; lastKnownFileType = sourcecode.swift; path = Persistence.swift; sourceTree = "<group>"; };
		F1901AEC293B9842000D47D0 /* soccerPickup.xcdatamodel */ = {isa = PBXFileReference; lastKnownFileType = wrapper.xcdatamodel; path = soccerPickup.xcdatamodel; sourceTree = "<group>"; };
		F1901AF3293D2841000D47D0 /* GoogleService-Info.plist */ = {isa = PBXFileReference; fileEncoding = 4; lastKnownFileType = text.plist.xml; name = "GoogleService-Info.plist"; path = "/Users/davidrusnak/Desktop/dev/soccerPickup/soccerPickup/../../../../Downloads/GoogleService-Info.plist"; sourceTree = "<absolute>"; };
/* End PBXFileReference section */

/* Begin PBXFrameworksBuildPhase section */
		F1901ADA293B9841000D47D0 /* Frameworks */ = {
			isa = PBXFrameworksBuildPhase;
			buildActionMask = 2147483647;
			files = (
				F1901B09293D28BD000D47D0 /* FirebaseDatabase in Frameworks */,
				F1901B17293D28BD000D47D0 /* FirebaseFunctionsCombine-Community in Frameworks */,
				F1901B0F293D28BD000D47D0 /* FirebaseFirestore in Frameworks */,
				F1901AFB293D28BD000D47D0 /* FirebaseAnalyticsSwift in Frameworks */,
				F1901AF7293D28BD000D47D0 /* FirebaseAnalytics in Frameworks */,
				F1901AF9293D28BD000D47D0 /* FirebaseAnalyticsOnDeviceConversion in Frameworks */,
				F1901B1F293D28BD000D47D0 /* FirebaseMLModelDownloader in Frameworks */,
				F1901B13293D28BD000D47D0 /* FirebaseFirestoreSwift in Frameworks */,
				F1901AFF293D28BD000D47D0 /* FirebaseAppCheck in Frameworks */,
				F1901AFD293D28BD000D47D0 /* FirebaseAnalyticsWithoutAdIdSupport in Frameworks */,
				F1901B03293D28BD000D47D0 /* FirebaseAuth in Frameworks */,
				F1901B07293D28BD000D47D0 /* FirebaseCrashlytics in Frameworks */,
				F1901B27293D28BD000D47D0 /* FirebaseRemoteConfigSwift in Frameworks */,
				F1901B19293D28BD000D47D0 /* FirebaseInAppMessaging-Beta in Frameworks */,
				F1901B0B293D28BD000D47D0 /* FirebaseDatabaseSwift in Frameworks */,
				F1901B15293D28BD000D47D0 /* FirebaseFunctions in Frameworks */,
				F1901B2B293D28BD000D47D0 /* FirebaseStorageCombine-Community in Frameworks */,
				F1901B25293D28BD000D47D0 /* FirebaseRemoteConfig in Frameworks */,
				F1901B01293D28BD000D47D0 /* FirebaseAppDistribution-Beta in Frameworks */,
				F1901B05293D28BD000D47D0 /* FirebaseAuthCombine-Community in Frameworks */,
				F1901B23293D28BD000D47D0 /* FirebasePerformance in Frameworks */,
				F1901B1B293D28BD000D47D0 /* FirebaseInAppMessagingSwift-Beta in Frameworks */,
				F1901B29293D28BD000D47D0 /* FirebaseStorage in Frameworks */,
				F1901B0D293D28BD000D47D0 /* FirebaseDynamicLinks in Frameworks */,
				F1901B11293D28BD000D47D0 /* FirebaseFirestoreCombine-Community in Frameworks */,
				F1901B21293D28BD000D47D0 /* FirebaseMessaging in Frameworks */,
				F1901B1D293D28BD000D47D0 /* FirebaseInstallations in Frameworks */,
			);
			runOnlyForDeploymentPostprocessing = 0;
		};
/* End PBXFrameworksBuildPhase section */

/* Begin PBXGroup section */
		F1901AD4293B9841000D47D0 = {
			isa = PBXGroup;
			children = (
				F1901ADF293B9841000D47D0 /* soccerPickup */,
				F1901ADE293B9841000D47D0 /* Products */,
			);
			sourceTree = "<group>";
		};
		F1901ADE293B9841000D47D0 /* Products */ = {
			isa = PBXGroup;
			children = (
				F1901ADD293B9841000D47D0 /* soccerPickup.app */,
			);
			name = Products;
			sourceTree = "<group>";
		};
		F1901ADF293B9841000D47D0 /* soccerPickup */ = {
			isa = PBXGroup;
			children = (
				F1901AF3293D2841000D47D0 /* GoogleService-Info.plist */,
				F1901AE0293B9841000D47D0 /* soccerPickupApp.swift */,
				F1901AE2293B9841000D47D0 /* ContentView.swift */,
				F1901AE4293B9842000D47D0 /* Assets.xcassets */,
				F1901AE9293B9842000D47D0 /* Persistence.swift */,
				F1901AEB293B9842000D47D0 /* soccerPickup.xcdatamodeld */,
				F1901AE6293B9842000D47D0 /* Preview Content */,
			);
			path = soccerPickup;
			sourceTree = "<group>";
		};
		F1901AE6293B9842000D47D0 /* Preview Content */ = {
			isa = PBXGroup;
			children = (
				F1901AE7293B9842000D47D0 /* Preview Assets.xcassets */,
			);
			path = "Preview Content";
			sourceTree = "<group>";
		};
/* End PBXGroup section */

/* Begin PBXNativeTarget section */
		F1901ADC293B9841000D47D0 /* soccerPickup */ = {
			isa = PBXNativeTarget;
			buildConfigurationList = F1901AF0293B9842000D47D0 /* Build configuration list for PBXNativeTarget "soccerPickup" */;
			buildPhases = (
				F1901AD9293B9841000D47D0 /* Sources */,
				F1901ADA293B9841000D47D0 /* Frameworks */,
				F1901ADB293B9841000D47D0 /* Resources */,
			);
			buildRules = (
			);
			dependencies = (
			);
			name = soccerPickup;
			packageProductDependencies = (
				F1901AF6293D28BD000D47D0 /* FirebaseAnalytics */,
				F1901AF8293D28BD000D47D0 /* FirebaseAnalyticsOnDeviceConversion */,
				F1901AFA293D28BD000D47D0 /* FirebaseAnalyticsSwift */,
				F1901AFC293D28BD000D47D0 /* FirebaseAnalyticsWithoutAdIdSupport */,
				F1901AFE293D28BD000D47D0 /* FirebaseAppCheck */,
				F1901B00293D28BD000D47D0 /* FirebaseAppDistribution-Beta */,
				F1901B02293D28BD000D47D0 /* FirebaseAuth */,
				F1901B04293D28BD000D47D0 /* FirebaseAuthCombine-Community */,
				F1901B06293D28BD000D47D0 /* FirebaseCrashlytics */,
				F1901B08293D28BD000D47D0 /* FirebaseDatabase */,
				F1901B0A293D28BD000D47D0 /* FirebaseDatabaseSwift */,
				F1901B0C293D28BD000D47D0 /* FirebaseDynamicLinks */,
				F1901B0E293D28BD000D47D0 /* FirebaseFirestore */,
				F1901B10293D28BD000D47D0 /* FirebaseFirestoreCombine-Community */,
				F1901B12293D28BD000D47D0 /* FirebaseFirestoreSwift */,
				F1901B14293D28BD000D47D0 /* FirebaseFunctions */,
				F1901B16293D28BD000D47D0 /* FirebaseFunctionsCombine-Community */,
				F1901B18293D28BD000D47D0 /* FirebaseInAppMessaging-Beta */,
				F1901B1A293D28BD000D47D0 /* FirebaseInAppMessagingSwift-Beta */,
				F1901B1C293D28BD000D47D0 /* FirebaseInstallations */,
				F1901B1E293D28BD000D47D0 /* FirebaseMLModelDownloader */,
				F1901B20293D28BD000D47D0 /* FirebaseMessaging */,
				F1901B22293D28BD000D47D0 /* FirebasePerformance */,
				F1901B24293D28BD000D47D0 /* FirebaseRemoteConfig */,
				F1901B26293D28BD000D47D0 /* FirebaseRemoteConfigSwift */,
				F1901B28293D28BD000D47D0 /* FirebaseStorage */,
				F1901B2A293D28BD000D47D0 /* FirebaseStorageCombine-Community */,
			);
			productName = soccerPickup;
			productReference = F1901ADD293B9841000D47D0 /* soccerPickup.app */;
			productType = "com.apple.product-type.application";
		};
/* End PBXNativeTarget section */

/* Begin PBXProject section */
		F1901AD5293B9841000D47D0 /* Project object */ = {
			isa = PBXProject;
			attributes = {
				BuildIndependentTargetsInParallel = 1;
				LastSwiftUpdateCheck = 1400;
				LastUpgradeCheck = 1400;
				TargetAttributes = {
					F1901ADC293B9841000D47D0 = {
						CreatedOnToolsVersion = 14.0.1;
					};
				};
			};
			buildConfigurationList = F1901AD8293B9841000D47D0 /* Build configuration list for PBXProject "soccerPickup" */;
			compatibilityVersion = "Xcode 14.0";
			developmentRegion = en;
			hasScannedForEncodings = 0;
			knownRegions = (
				en,
				Base,
			);
			mainGroup = F1901AD4293B9841000D47D0;
			packageReferences = (
				F1901AF5293D28BD000D47D0 /* XCRemoteSwiftPackageReference "firebase-ios-sdk" */,
			);
			productRefGroup = F1901ADE293B9841000D47D0 /* Products */;
			projectDirPath = "";
			projectRoot = "";
			targets = (
				F1901ADC293B9841000D47D0 /* soccerPickup */,
			);
		};
/* End PBXProject section */

/* Begin PBXResourcesBuildPhase section */
		F1901ADB293B9841000D47D0 /* Resources */ = {
			isa = PBXResourcesBuildPhase;
			buildActionMask = 2147483647;
			files = (
				F1901AE8293B9842000D47D0 /* Preview Assets.xcassets in Resources */,
				F1901AE5293B9842000D47D0 /* Assets.xcassets in Resources */,
				F1901AF4293D2841000D47D0 /* GoogleService-Info.plist in Resources */,
			);
			runOnlyForDeploymentPostprocessing = 0;
		};
/* End PBXResourcesBuildPhase section */

/* Begin PBXSourcesBuildPhase section */
		F1901AD9293B9841000D47D0 /* Sources */ = {
			isa = PBXSourcesBuildPhase;
			buildActionMask = 2147483647;
			files = (
				F1901AED293B9842000D47D0 /* soccerPickup.xcdatamodeld in Sources */,
				F1901AEA293B9842000D47D0 /* Persistence.swift in Sources */,
				F1901AE3293B9841000D47D0 /* ContentView.swift in Sources */,
				F1901AE1293B9841000D47D0 /* soccerPickupApp.swift in Sources */,
			);
			runOnlyForDeploymentPostprocessing = 0;
		};
/* End PBXSourcesBuildPhase section */

/* Begin XCBuildConfiguration section */
		F1901AEE293B9842000D47D0 /* Debug */ = {
			isa = XCBuildConfiguration;
			buildSettings = {
				ALWAYS_SEARCH_USER_PATHS = NO;
				CLANG_ANALYZER_NONNULL = YES;
				CLANG_ANALYZER_NUMBER_OBJECT_CONVERSION = YES_AGGRESSIVE;
				CLANG_CXX_LANGUAGE_STANDARD = "gnu++20";
				CLANG_ENABLE_MODULES = YES;
				CLANG_ENABLE_OBJC_ARC = YES;
				CLANG_ENABLE_OBJC_WEAK = YES;
				CLANG_WARN_BLOCK_CAPTURE_AUTORELEASING = YES;
				CLANG_WARN_BOOL_CONVERSION = YES;
				CLANG_WARN_COMMA = YES;
				CLANG_WARN_CONSTANT_CONVERSION = YES;
				CLANG_WARN_DEPRECATED_OBJC_IMPLEMENTATIONS = YES;
				CLANG_WARN_DIRECT_OBJC_ISA_USAGE = YES_ERROR;
				CLANG_WARN_DOCUMENTATION_COMMENTS = YES;
				CLANG_WARN_EMPTY_BODY = YES;
				CLANG_WARN_ENUM_CONVERSION = YES;
				CLANG_WARN_INFINITE_RECURSION = YES;
				CLANG_WARN_INT_CONVERSION = YES;
				CLANG_WARN_NON_LITERAL_NULL_CONVERSION = YES;
				CLANG_WARN_OBJC_IMPLICIT_RETAIN_SELF = YES;
				CLANG_WARN_OBJC_LITERAL_CONVERSION = YES;
				CLANG_WARN_OBJC_ROOT_CLASS = YES_ERROR;
				CLANG_WARN_QUOTED_INCLUDE_IN_FRAMEWORK_HEADER = YES;
				CLANG_WARN_RANGE_LOOP_ANALYSIS = YES;
				CLANG_WARN_STRICT_PROTOTYPES = YES;
				CLANG_WARN_SUSPICIOUS_MOVE = YES;
				CLANG_WARN_UNGUARDED_AVAILABILITY = YES_AGGRESSIVE;
				CLANG_WARN_UNREACHABLE_CODE = YES;
				CLANG_WARN__DUPLICATE_METHOD_MATCH = YES;
				COPY_PHASE_STRIP = NO;
				DEBUG_INFORMATION_FORMAT = dwarf;
				ENABLE_STRICT_OBJC_MSGSEND = YES;
				ENABLE_TESTABILITY = YES;
				GCC_C_LANGUAGE_STANDARD = gnu11;
				GCC_DYNAMIC_NO_PIC = NO;
				GCC_NO_COMMON_BLOCKS = YES;
				GCC_OPTIMIZATION_LEVEL = 0;
				GCC_PREPROCESSOR_DEFINITIONS = (
					"DEBUG=1",
					"$(inherited)",
				);
				GCC_WARN_64_TO_32_BIT_CONVERSION = YES;
				GCC_WARN_ABOUT_RETURN_TYPE = YES_ERROR;
				GCC_WARN_UNDECLARED_SELECTOR = YES;
				GCC_WARN_UNINITIALIZED_AUTOS = YES_AGGRESSIVE;
				GCC_WARN_UNUSED_FUNCTION = YES;
				GCC_WARN_UNUSED_VARIABLE = YES;
				IPHONEOS_DEPLOYMENT_TARGET = 16.0;
				MTL_ENABLE_DEBUG_INFO = INCLUDE_SOURCE;
				MTL_FAST_MATH = YES;
				ONLY_ACTIVE_ARCH = YES;
				SDKROOT = iphoneos;
				SWIFT_ACTIVE_COMPILATION_CONDITIONS = DEBUG;
				SWIFT_OPTIMIZATION_LEVEL = "-Onone";
			};
			name = Debug;
		};
		F1901AEF293B9842000D47D0 /* Release */ = {
			isa = XCBuildConfiguration;
			buildSettings = {
				ALWAYS_SEARCH_USER_PATHS = NO;
				CLANG_ANALYZER_NONNULL = YES;
				CLANG_ANALYZER_NUMBER_OBJECT_CONVERSION = YES_AGGRESSIVE;
				CLANG_CXX_LANGUAGE_STANDARD = "gnu++20";
				CLANG_ENABLE_MODULES = YES;
				CLANG_ENABLE_OBJC_ARC = YES;
				CLANG_ENABLE_OBJC_WEAK = YES;
				CLANG_WARN_BLOCK_CAPTURE_AUTORELEASING = YES;
				CLANG_WARN_BOOL_CONVERSION = YES;
				CLANG_WARN_COMMA = YES;
				CLANG_WARN_CONSTANT_CONVERSION = YES;
				CLANG_WARN_DEPRECATED_OBJC_IMPLEMENTATIONS = YES;
				CLANG_WARN_DIRECT_OBJC_ISA_USAGE = YES_ERROR;
				CLANG_WARN_DOCUMENTATION_COMMENTS = YES;
				CLANG_WARN_EMPTY_BODY = YES;
				CLANG_WARN_ENUM_CONVERSION = YES;
				CLANG_WARN_INFINITE_RECURSION = YES;
				CLANG_WARN_INT_CONVERSION = YES;
				CLANG_WARN_NON_LITERAL_NULL_CONVERSION = YES;
				CLANG_WARN_OBJC_IMPLICIT_RETAIN_SELF = YES;
				CLANG_WARN_OBJC_LITERAL_CONVERSION = YES;
				CLANG_WARN_OBJC_ROOT_CLASS = YES_ERROR;
				CLANG_WARN_QUOTED_INCLUDE_IN_FRAMEWORK_HEADER = YES;
				CLANG_WARN_RANGE_LOOP_ANALYSIS = YES;
				CLANG_WARN_STRICT_PROTOTYPES = YES;
				CLANG_WARN_SUSPICIOUS_MOVE = YES;
				CLANG_WARN_UNGUARDED_AVAILABILITY = YES_AGGRESSIVE;
				CLANG_WARN_UNREACHABLE_CODE = YES;
				CLANG_WARN__DUPLICATE_METHOD_MATCH = YES;
				COPY_PHASE_STRIP = NO;
				DEBUG_INFORMATION_FORMAT = "dwarf-with-dsym";
				ENABLE_NS_ASSERTIONS = NO;
				ENABLE_STRICT_OBJC_MSGSEND = YES;
				GCC_C_LANGUAGE_STANDARD = gnu11;
				GCC_NO_COMMON_BLOCKS = YES;
				GCC_WARN_64_TO_32_BIT_CONVERSION = YES;
				GCC_WARN_ABOUT_RETURN_TYPE = YES_ERROR;
				GCC_WARN_UNDECLARED_SELECTOR = YES;
				GCC_WARN_UNINITIALIZED_AUTOS = YES_AGGRESSIVE;
				GCC_WARN_UNUSED_FUNCTION = YES;
				GCC_WARN_UNUSED_VARIABLE = YES;
				IPHONEOS_DEPLOYMENT_TARGET = 16.0;
				MTL_ENABLE_DEBUG_INFO = NO;
				MTL_FAST_MATH = YES;
				SDKROOT = iphoneos;
				SWIFT_COMPILATION_MODE = wholemodule;
				SWIFT_OPTIMIZATION_LEVEL = "-O";
				VALIDATE_PRODUCT = YES;
			};
			name = Release;
		};
		F1901AF1293B9842000D47D0 /* Debug */ = {
			isa = XCBuildConfiguration;
			buildSettings = {
				ASSETCATALOG_COMPILER_APPICON_NAME = AppIcon;
				ASSETCATALOG_COMPILER_GLOBAL_ACCENT_COLOR_NAME = AccentColor;
				CODE_SIGN_STYLE = Automatic;
				CURRENT_PROJECT_VERSION = 1;
				DEVELOPMENT_ASSET_PATHS = "\"soccerPickup/Preview Content\"";
				DEVELOPMENT_TEAM = 32P7FMQPL5;
				ENABLE_PREVIEWS = YES;
				GENERATE_INFOPLIST_FILE = YES;
				INFOPLIST_KEY_UIApplicationSceneManifest_Generation = YES;
				INFOPLIST_KEY_UIApplicationSupportsIndirectInputEvents = YES;
				INFOPLIST_KEY_UILaunchScreen_Generation = YES;
				INFOPLIST_KEY_UISupportedInterfaceOrientations_iPad = "UIInterfaceOrientationPortrait UIInterfaceOrientationPortraitUpsideDown UIInterfaceOrientationLandscapeLeft UIInterfaceOrientationLandscapeRight";
				INFOPLIST_KEY_UISupportedInterfaceOrientations_iPhone = "UIInterfaceOrientationPortrait UIInterfaceOrientationLandscapeLeft UIInterfaceOrientationLandscapeRight";
				LD_RUNPATH_SEARCH_PATHS = (
					"$(inherited)",
					"@executable_path/Frameworks",
				);
				MARKETING_VERSION = 1.0;
				PRODUCT_BUNDLE_IDENTIFIER = David.soccerPickup;
				PRODUCT_NAME = "$(TARGET_NAME)";
				SWIFT_EMIT_LOC_STRINGS = YES;
				SWIFT_VERSION = 5.0;
				TARGETED_DEVICE_FAMILY = "1,2";
			};
			name = Debug;
		};
		F1901AF2293B9842000D47D0 /* Release */ = {
			isa = XCBuildConfiguration;
			buildSettings = {
				ASSETCATALOG_COMPILER_APPICON_NAME = AppIcon;
				ASSETCATALOG_COMPILER_GLOBAL_ACCENT_COLOR_NAME = AccentColor;
				CODE_SIGN_STYLE = Automatic;
				CURRENT_PROJECT_VERSION = 1;
				DEVELOPMENT_ASSET_PATHS = "\"soccerPickup/Preview Content\"";
				DEVELOPMENT_TEAM = 32P7FMQPL5;
				ENABLE_PREVIEWS = YES;
				GENERATE_INFOPLIST_FILE = YES;
				INFOPLIST_KEY_UIApplicationSceneManifest_Generation = YES;
				INFOPLIST_KEY_UIApplicationSupportsIndirectInputEvents = YES;
				INFOPLIST_KEY_UILaunchScreen_Generation = YES;
				INFOPLIST_KEY_UISupportedInterfaceOrientations_iPad = "UIInterfaceOrientationPortrait UIInterfaceOrientationPortraitUpsideDown UIInterfaceOrientationLandscapeLeft UIInterfaceOrientationLandscapeRight";
				INFOPLIST_KEY_UISupportedInterfaceOrientations_iPhone = "UIInterfaceOrientationPortrait UIInterfaceOrientationLandscapeLeft UIInterfaceOrientationLandscapeRight";
				LD_RUNPATH_SEARCH_PATHS = (
					"$(inherited)",
					"@executable_path/Frameworks",
				);
				MARKETING_VERSION = 1.0;
				PRODUCT_BUNDLE_IDENTIFIER = David.soccerPickup;
				PRODUCT_NAME = "$(TARGET_NAME)";
				SWIFT_EMIT_LOC_STRINGS = YES;
				SWIFT_VERSION = 5.0;
				TARGETED_DEVICE_FAMILY = "1,2";
			};
			name = Release;
		};
/* End XCBuildConfiguration section */

/* Begin XCConfigurationList section */
		F1901AD8293B9841000D47D0 /* Build configuration list for PBXProject "soccerPickup" */ = {
			isa = XCConfigurationList;
			buildConfigurations = (
				F1901AEE293B9842000D47D0 /* Debug */,
				F1901AEF293B9842000D47D0 /* Release */,
			);
			defaultConfigurationIsVisible = 0;
			defaultConfigurationName = Release;
		};
		F1901AF0293B9842000D47D0 /* Build configuration list for PBXNativeTarget "soccerPickup" */ = {
			isa = XCConfigurationList;
			buildConfigurations = (
				F1901AF1293B9842000D47D0 /* Debug */,
				F1901AF2293B9842000D47D0 /* Release */,
			);
			defaultConfigurationIsVisible = 0;
			defaultConfigurationName = Release;
		};
/* End XCConfigurationList section */

/* Begin XCRemoteSwiftPackageReference section */
		F1901AF5293D28BD000D47D0 /* XCRemoteSwiftPackageReference "firebase-ios-sdk" */ = {
			isa = XCRemoteSwiftPackageReference;
			repositoryURL = "https://github.com/firebase/firebase-ios-sdk.git";
			requirement = {
				kind = upToNextMajorVersion;
				minimumVersion = 9.0.0;
			};
		};
/* End XCRemoteSwiftPackageReference section */

/* Begin XCSwiftPackageProductDependency section */
		F1901AF6293D28BD000D47D0 /* FirebaseAnalytics */ = {
			isa = XCSwiftPackageProductDependency;
			package = F1901AF5293D28BD000D47D0 /* XCRemoteSwiftPackageReference "firebase-ios-sdk" */;
			productName = FirebaseAnalytics;
		};
		F1901AF8293D28BD000D47D0 /* FirebaseAnalyticsOnDeviceConversion */ = {
			isa = XCSwiftPackageProductDependency;
			package = F1901AF5293D28BD000D47D0 /* XCRemoteSwiftPackageReference "firebase-ios-sdk" */;
			productName = FirebaseAnalyticsOnDeviceConversion;
		};
		F1901AFA293D28BD000D47D0 /* FirebaseAnalyticsSwift */ = {
			isa = XCSwiftPackageProductDependency;
			package = F1901AF5293D28BD000D47D0 /* XCRemoteSwiftPackageReference "firebase-ios-sdk" */;
			productName = FirebaseAnalyticsSwift;
		};
		F1901AFC293D28BD000D47D0 /* FirebaseAnalyticsWithoutAdIdSupport */ = {
			isa = XCSwiftPackageProductDependency;
			package = F1901AF5293D28BD000D47D0 /* XCRemoteSwiftPackageReference "firebase-ios-sdk" */;
			productName = FirebaseAnalyticsWithoutAdIdSupport;
		};
		F1901AFE293D28BD000D47D0 /* FirebaseAppCheck */ = {
			isa = XCSwiftPackageProductDependency;
			package = F1901AF5293D28BD000D47D0 /* XCRemoteSwiftPackageReference "firebase-ios-sdk" */;
			productName = FirebaseAppCheck;
		};
		F1901B00293D28BD000D47D0 /* FirebaseAppDistribution-Beta */ = {
			isa = XCSwiftPackageProductDependency;
			package = F1901AF5293D28BD000D47D0 /* XCRemoteSwiftPackageReference "firebase-ios-sdk" */;
			productName = "FirebaseAppDistribution-Beta";
		};
		F1901B02293D28BD000D47D0 /* FirebaseAuth */ = {
			isa = XCSwiftPackageProductDependency;
			package = F1901AF5293D28BD000D47D0 /* XCRemoteSwiftPackageReference "firebase-ios-sdk" */;
			productName = FirebaseAuth;
		};
		F1901B04293D28BD000D47D0 /* FirebaseAuthCombine-Community */ = {
			isa = XCSwiftPackageProductDependency;
			package = F1901AF5293D28BD000D47D0 /* XCRemoteSwiftPackageReference "firebase-ios-sdk" */;
			productName = "FirebaseAuthCombine-Community";
		};
		F1901B06293D28BD000D47D0 /* FirebaseCrashlytics */ = {
			isa = XCSwiftPackageProductDependency;
			package = F1901AF5293D28BD000D47D0 /* XCRemoteSwiftPackageReference "firebase-ios-sdk" */;
			productName = FirebaseCrashlytics;
		};
		F1901B08293D28BD000D47D0 /* FirebaseDatabase */ = {
			isa = XCSwiftPackageProductDependency;
			package = F1901AF5293D28BD000D47D0 /* XCRemoteSwiftPackageReference "firebase-ios-sdk" */;
			productName = FirebaseDatabase;
		};
		F1901B0A293D28BD000D47D0 /* FirebaseDatabaseSwift */ = {
			isa = XCSwiftPackageProductDependency;
			package = F1901AF5293D28BD000D47D0 /* XCRemoteSwiftPackageReference "firebase-ios-sdk" */;
			productName = FirebaseDatabaseSwift;
		};
		F1901B0C293D28BD000D47D0 /* FirebaseDynamicLinks */ = {
			isa = XCSwiftPackageProductDependency;
			package = F1901AF5293D28BD000D47D0 /* XCRemoteSwiftPackageReference "firebase-ios-sdk" */;
			productName = FirebaseDynamicLinks;
		};
		F1901B0E293D28BD000D47D0 /* FirebaseFirestore */ = {
			isa = XCSwiftPackageProductDependency;
			package = F1901AF5293D28BD000D47D0 /* XCRemoteSwiftPackageReference "firebase-ios-sdk" */;
			productName = FirebaseFirestore;
		};
		F1901B10293D28BD000D47D0 /* FirebaseFirestoreCombine-Community */ = {
			isa = XCSwiftPackageProductDependency;
			package = F1901AF5293D28BD000D47D0 /* XCRemoteSwiftPackageReference "firebase-ios-sdk" */;
			productName = "FirebaseFirestoreCombine-Community";
		};
		F1901B12293D28BD000D47D0 /* FirebaseFirestoreSwift */ = {
			isa = XCSwiftPackageProductDependency;
			package = F1901AF5293D28BD000D47D0 /* XCRemoteSwiftPackageReference "firebase-ios-sdk" */;
			productName = FirebaseFirestoreSwift;
		};
		F1901B14293D28BD000D47D0 /* FirebaseFunctions */ = {
			isa = XCSwiftPackageProductDependency;
			package = F1901AF5293D28BD000D47D0 /* XCRemoteSwiftPackageReference "firebase-ios-sdk" */;
			productName = FirebaseFunctions;
		};
		F1901B16293D28BD000D47D0 /* FirebaseFunctionsCombine-Community */ = {
			isa = XCSwiftPackageProductDependency;
			package = F1901AF5293D28BD000D47D0 /* XCRemoteSwiftPackageReference "firebase-ios-sdk" */;
			productName = "FirebaseFunctionsCombine-Community";
		};
		F1901B18293D28BD000D47D0 /* FirebaseInAppMessaging-Beta */ = {
			isa = XCSwiftPackageProductDependency;
			package = F1901AF5293D28BD000D47D0 /* XCRemoteSwiftPackageReference "firebase-ios-sdk" */;
			productName = "FirebaseInAppMessaging-Beta";
		};
		F1901B1A293D28BD000D47D0 /* FirebaseInAppMessagingSwift-Beta */ = {
			isa = XCSwiftPackageProductDependency;
			package = F1901AF5293D28BD000D47D0 /* XCRemoteSwiftPackageReference "firebase-ios-sdk" */;
			productName = "FirebaseInAppMessagingSwift-Beta";
		};
		F1901B1C293D28BD000D47D0 /* FirebaseInstallations */ = {
			isa = XCSwiftPackageProductDependency;
			package = F1901AF5293D28BD000D47D0 /* XCRemoteSwiftPackageReference "firebase-ios-sdk" */;
			productName = FirebaseInstallations;
		};
		F1901B1E293D28BD000D47D0 /* FirebaseMLModelDownloader */ = {
			isa = XCSwiftPackageProductDependency;
			package = F1901AF5293D28BD000D47D0 /* XCRemoteSwiftPackageReference "firebase-ios-sdk" */;
			productName = FirebaseMLModelDownloader;
		};
		F1901B20293D28BD000D47D0 /* FirebaseMessaging */ = {
			isa = XCSwiftPackageProductDependency;
			package = F1901AF5293D28BD000D47D0 /* XCRemoteSwiftPackageReference "firebase-ios-sdk" */;
			productName = FirebaseMessaging;
		};
		F1901B22293D28BD000D47D0 /* FirebasePerformance */ = {
			isa = XCSwiftPackageProductDependency;
			package = F1901AF5293D28BD000D47D0 /* XCRemoteSwiftPackageReference "firebase-ios-sdk" */;
			productName = FirebasePerformance;
		};
		F1901B24293D28BD000D47D0 /* FirebaseRemoteConfig */ = {
			isa = XCSwiftPackageProductDependency;
			package = F1901AF5293D28BD000D47D0 /* XCRemoteSwiftPackageReference "firebase-ios-sdk" */;
			productName = FirebaseRemoteConfig;
		};
		F1901B26293D28BD000D47D0 /* FirebaseRemoteConfigSwift */ = {
			isa = XCSwiftPackageProductDependency;
			package = F1901AF5293D28BD000D47D0 /* XCRemoteSwiftPackageReference "firebase-ios-sdk" */;
			productName = FirebaseRemoteConfigSwift;
		};
		F1901B28293D28BD000D47D0 /* FirebaseStorage */ = {
			isa = XCSwiftPackageProductDependency;
			package = F1901AF5293D28BD000D47D0 /* XCRemoteSwiftPackageReference "firebase-ios-sdk" */;
			productName = FirebaseStorage;
		};
		F1901B2A293D28BD000D47D0 /* FirebaseStorageCombine-Community */ = {
			isa = XCSwiftPackageProductDependency;
			package = F1901AF5293D28BD000D47D0 /* XCRemoteSwiftPackageReference "firebase-ios-sdk" */;
			productName = "FirebaseStorageCombine-Community";
		};
/* End XCSwiftPackageProductDependency section */

/* Begin XCVersionGroup section */
		F1901AEB293B9842000D47D0 /* soccerPickup.xcdatamodeld */ = {
			isa = XCVersionGroup;
			children = (
				F1901AEC293B9842000D47D0 /* soccerPickup.xcdatamodel */,
			);
			currentVersion = F1901AEC293B9842000D47D0 /* soccerPickup.xcdatamodel */;
			path = soccerPickup.xcdatamodeld;
			sourceTree = "<group>";
			versionGroupType = wrapper.xcdatamodel;
		};
/* End XCVersionGroup section */
	};
	rootObject = F1901AD5293B9841000D47D0 /* Project object */;
}
